// !$*UTF8*$!
{
	archiveVersion = 1;
	classes = {
	};
	objectVersion = 51;
	objects = {

/* Begin PBXBuildFile section */
		2A170170250F31FB00096AF1 /* MovieDetailViewController.swift in Sources */ = {isa = PBXBuildFile; fileRef = 2A17016F250F31FB00096AF1 /* MovieDetailViewController.swift */; };
		2A170172250F337A00096AF1 /* MovieGridViewController.swift in Sources */ = {isa = PBXBuildFile; fileRef = 2A170171250F337A00096AF1 /* MovieGridViewController.swift */; };
		2A170174250F342D00096AF1 /* MovieGridCell.swift in Sources */ = {isa = PBXBuildFile; fileRef = 2A170173250F342D00096AF1 /* MovieGridCell.swift */; };
		2A91F9B525049BC7002DED0B /* AppDelegate.swift in Sources */ = {isa = PBXBuildFile; fileRef = 2A91F9B425049BC7002DED0B /* AppDelegate.swift */; };
		2A91F9B725049BC7002DED0B /* SceneDelegate.swift in Sources */ = {isa = PBXBuildFile; fileRef = 2A91F9B625049BC7002DED0B /* SceneDelegate.swift */; };
		2A91F9BC25049BC7002DED0B /* Main.storyboard in Resources */ = {isa = PBXBuildFile; fileRef = 2A91F9BA25049BC7002DED0B /* Main.storyboard */; };
		2A91F9BE25049BC8002DED0B /* Assets.xcassets in Resources */ = {isa = PBXBuildFile; fileRef = 2A91F9BD25049BC8002DED0B /* Assets.xcassets */; };
		2A91F9C125049BC8002DED0B /* LaunchScreen.storyboard in Resources */ = {isa = PBXBuildFile; fileRef = 2A91F9BF25049BC8002DED0B /* LaunchScreen.storyboard */; };
		2A91F9CC25049BC8002DED0B /* flixsterTests.swift in Sources */ = {isa = PBXBuildFile; fileRef = 2A91F9CB25049BC8002DED0B /* flixsterTests.swift */; };
		2A91F9D725049BC8002DED0B /* flixsterUITests.swift in Sources */ = {isa = PBXBuildFile; fileRef = 2A91F9D625049BC8002DED0B /* flixsterUITests.swift */; };
		2A91F9E52504A741002DED0B /* MoviesViewController.swift in Sources */ = {isa = PBXBuildFile; fileRef = 2A91F9E42504A741002DED0B /* MoviesViewController.swift */; };
		2A91F9E72504B3A5002DED0B /* MovieCell.swift in Sources */ = {isa = PBXBuildFile; fileRef = 2A91F9E62504B3A5002DED0B /* MovieCell.swift */; };
		39BD89E882F04B44A54D20FC /* Pods_flixster_flixsterUITests.framework in Frameworks */ = {isa = PBXBuildFile; fileRef = 8744250B49CA963517059E52 /* Pods_flixster_flixsterUITests.framework */; };
		9090D16639AED2F43B9DE829 /* Pods_flixsterTests.framework in Frameworks */ = {isa = PBXBuildFile; fileRef = 7BBAF398132C5E718E45671B /* Pods_flixsterTests.framework */; };
		C1D1CAC9220412A2F2879CBC /* Pods_flixster.framework in Frameworks */ = {isa = PBXBuildFile; fileRef = 14BF6D343A96939137BEA463 /* Pods_flixster.framework */; };
/* End PBXBuildFile section */

/* Begin PBXContainerItemProxy section */
		2A91F9C825049BC8002DED0B /* PBXContainerItemProxy */ = {
			isa = PBXContainerItemProxy;
			containerPortal = 2A91F9A925049BC7002DED0B /* Project object */;
			proxyType = 1;
			remoteGlobalIDString = 2A91F9B025049BC7002DED0B;
			remoteInfo = flixster;
		};
		2A91F9D325049BC8002DED0B /* PBXContainerItemProxy */ = {
			isa = PBXContainerItemProxy;
			containerPortal = 2A91F9A925049BC7002DED0B /* Project object */;
			proxyType = 1;
			remoteGlobalIDString = 2A91F9B025049BC7002DED0B;
			remoteInfo = flixster;
		};
/* End PBXContainerItemProxy section */

/* Begin PBXFileReference section */
		002717F8DF4CB04F80C2E825 /* Pods-flixsterTests.release.xcconfig */ = {isa = PBXFileReference; includeInIndex = 1; lastKnownFileType = text.xcconfig; name = "Pods-flixsterTests.release.xcconfig"; path = "Target Support Files/Pods-flixsterTests/Pods-flixsterTests.release.xcconfig"; sourceTree = "<group>"; };
		14BF6D343A96939137BEA463 /* Pods_flixster.framework */ = {isa = PBXFileReference; explicitFileType = wrapper.framework; includeInIndex = 0; path = Pods_flixster.framework; sourceTree = BUILT_PRODUCTS_DIR; };
		2A17016F250F31FB00096AF1 /* MovieDetailViewController.swift */ = {isa = PBXFileReference; lastKnownFileType = sourcecode.swift; path = MovieDetailViewController.swift; sourceTree = "<group>"; };
		2A170171250F337A00096AF1 /* MovieGridViewController.swift */ = {isa = PBXFileReference; lastKnownFileType = sourcecode.swift; path = MovieGridViewController.swift; sourceTree = "<group>"; };
		2A170173250F342D00096AF1 /* MovieGridCell.swift */ = {isa = PBXFileReference; lastKnownFileType = sourcecode.swift; path = MovieGridCell.swift; sourceTree = "<group>"; };
		2A91F9B125049BC7002DED0B /* flixster.app */ = {isa = PBXFileReference; explicitFileType = wrapper.application; includeInIndex = 0; path = flixster.app; sourceTree = BUILT_PRODUCTS_DIR; };
		2A91F9B425049BC7002DED0B /* AppDelegate.swift */ = {isa = PBXFileReference; lastKnownFileType = sourcecode.swift; path = AppDelegate.swift; sourceTree = "<group>"; };
		2A91F9B625049BC7002DED0B /* SceneDelegate.swift */ = {isa = PBXFileReference; lastKnownFileType = sourcecode.swift; path = SceneDelegate.swift; sourceTree = "<group>"; };
		2A91F9BB25049BC7002DED0B /* Base */ = {isa = PBXFileReference; lastKnownFileType = file.storyboard; name = Base; path = Base.lproj/Main.storyboard; sourceTree = "<group>"; };
		2A91F9BD25049BC8002DED0B /* Assets.xcassets */ = {isa = PBXFileReference; lastKnownFileType = folder.assetcatalog; path = Assets.xcassets; sourceTree = "<group>"; };
		2A91F9C025049BC8002DED0B /* Base */ = {isa = PBXFileReference; lastKnownFileType = file.storyboard; name = Base; path = Base.lproj/LaunchScreen.storyboard; sourceTree = "<group>"; };
		2A91F9C225049BC8002DED0B /* Info.plist */ = {isa = PBXFileReference; lastKnownFileType = text.plist.xml; path = Info.plist; sourceTree = "<group>"; };
		2A91F9C725049BC8002DED0B /* flixsterTests.xctest */ = {isa = PBXFileReference; explicitFileType = wrapper.cfbundle; includeInIndex = 0; path = flixsterTests.xctest; sourceTree = BUILT_PRODUCTS_DIR; };
		2A91F9CB25049BC8002DED0B /* flixsterTests.swift */ = {isa = PBXFileReference; lastKnownFileType = sourcecode.swift; path = flixsterTests.swift; sourceTree = "<group>"; };
		2A91F9CD25049BC8002DED0B /* Info.plist */ = {isa = PBXFileReference; lastKnownFileType = text.plist.xml; path = Info.plist; sourceTree = "<group>"; };
		2A91F9D225049BC8002DED0B /* flixsterUITests.xctest */ = {isa = PBXFileReference; explicitFileType = wrapper.cfbundle; includeInIndex = 0; path = flixsterUITests.xctest; sourceTree = BUILT_PRODUCTS_DIR; };
		2A91F9D625049BC8002DED0B /* flixsterUITests.swift */ = {isa = PBXFileReference; lastKnownFileType = sourcecode.swift; path = flixsterUITests.swift; sourceTree = "<group>"; };
		2A91F9D825049BC8002DED0B /* Info.plist */ = {isa = PBXFileReference; lastKnownFileType = text.plist.xml; path = Info.plist; sourceTree = "<group>"; };
		2A91F9E42504A741002DED0B /* MoviesViewController.swift */ = {isa = PBXFileReference; lastKnownFileType = sourcecode.swift; path = MoviesViewController.swift; sourceTree = "<group>"; };
		2A91F9E62504B3A5002DED0B /* MovieCell.swift */ = {isa = PBXFileReference; lastKnownFileType = sourcecode.swift; path = MovieCell.swift; sourceTree = "<group>"; };
		7BBAF398132C5E718E45671B /* Pods_flixsterTests.framework */ = {isa = PBXFileReference; explicitFileType = wrapper.framework; includeInIndex = 0; path = Pods_flixsterTests.framework; sourceTree = BUILT_PRODUCTS_DIR; };
		8744250B49CA963517059E52 /* Pods_flixster_flixsterUITests.framework */ = {isa = PBXFileReference; explicitFileType = wrapper.framework; includeInIndex = 0; path = Pods_flixster_flixsterUITests.framework; sourceTree = BUILT_PRODUCTS_DIR; };
		AEACC79F825B0F3C5F5FAE4C /* Pods-flixster.release.xcconfig */ = {isa = PBXFileReference; includeInIndex = 1; lastKnownFileType = text.xcconfig; name = "Pods-flixster.release.xcconfig"; path = "Target Support Files/Pods-flixster/Pods-flixster.release.xcconfig"; sourceTree = "<group>"; };
		B7CF26D23AD65211DBAFFEAF /* Pods-flixster-flixsterUITests.release.xcconfig */ = {isa = PBXFileReference; includeInIndex = 1; lastKnownFileType = text.xcconfig; name = "Pods-flixster-flixsterUITests.release.xcconfig"; path = "Target Support Files/Pods-flixster-flixsterUITests/Pods-flixster-flixsterUITests.release.xcconfig"; sourceTree = "<group>"; };
		BA69A96CD176E4E2AE676FA2 /* Pods-flixster.debug.xcconfig */ = {isa = PBXFileReference; includeInIndex = 1; lastKnownFileType = text.xcconfig; name = "Pods-flixster.debug.xcconfig"; path = "Target Support Files/Pods-flixster/Pods-flixster.debug.xcconfig"; sourceTree = "<group>"; };
		DB703D60E655CB8372912A8F /* Pods-flixsterTests.debug.xcconfig */ = {isa = PBXFileReference; includeInIndex = 1; lastKnownFileType = text.xcconfig; name = "Pods-flixsterTests.debug.xcconfig"; path = "Target Support Files/Pods-flixsterTests/Pods-flixsterTests.debug.xcconfig"; sourceTree = "<group>"; };
		F511B37CBD66661BEAED9CE2 /* Pods-flixster-flixsterUITests.debug.xcconfig */ = {isa = PBXFileReference; includeInIndex = 1; lastKnownFileType = text.xcconfig; name = "Pods-flixster-flixsterUITests.debug.xcconfig"; path = "Target Support Files/Pods-flixster-flixsterUITests/Pods-flixster-flixsterUITests.debug.xcconfig"; sourceTree = "<group>"; };
/* End PBXFileReference section */

/* Begin PBXFrameworksBuildPhase section */
		2A91F9AE25049BC7002DED0B /* Frameworks */ = {
			isa = PBXFrameworksBuildPhase;
			buildActionMask = 2147483647;
			files = (
				C1D1CAC9220412A2F2879CBC /* Pods_flixster.framework in Frameworks */,
			);
			runOnlyForDeploymentPostprocessing = 0;
		};
		2A91F9C425049BC8002DED0B /* Frameworks */ = {
			isa = PBXFrameworksBuildPhase;
			buildActionMask = 2147483647;
			files = (
				9090D16639AED2F43B9DE829 /* Pods_flixsterTests.framework in Frameworks */,
			);
			runOnlyForDeploymentPostprocessing = 0;
		};
		2A91F9CF25049BC8002DED0B /* Frameworks */ = {
			isa = PBXFrameworksBuildPhase;
			buildActionMask = 2147483647;
			files = (
				39BD89E882F04B44A54D20FC /* Pods_flixster_flixsterUITests.framework in Frameworks */,
			);
			runOnlyForDeploymentPostprocessing = 0;
		};
/* End PBXFrameworksBuildPhase section */

/* Begin PBXGroup section */
		2A91F9A825049BC7002DED0B = {
			isa = PBXGroup;
			children = (
				2A91F9B325049BC7002DED0B /* flixster */,
				2A91F9CA25049BC8002DED0B /* flixsterTests */,
				2A91F9D525049BC8002DED0B /* flixsterUITests */,
				2A91F9B225049BC7002DED0B /* Products */,
				598846447D17C7934D6A97B4 /* Pods */,
				75DEBA5A86AC35AD0487CE57 /* Frameworks */,
			);
			sourceTree = "<group>";
		};
		2A91F9B225049BC7002DED0B /* Products */ = {
			isa = PBXGroup;
			children = (
				2A91F9B125049BC7002DED0B /* flixster.app */,
				2A91F9C725049BC8002DED0B /* flixsterTests.xctest */,
				2A91F9D225049BC8002DED0B /* flixsterUITests.xctest */,
			);
			name = Products;
			sourceTree = "<group>";
		};
		2A91F9B325049BC7002DED0B /* flixster */ = {
			isa = PBXGroup;
			children = (
				2A91F9B425049BC7002DED0B /* AppDelegate.swift */,
				2A91F9B625049BC7002DED0B /* SceneDelegate.swift */,
				2A91F9BA25049BC7002DED0B /* Main.storyboard */,
				2A170173250F342D00096AF1 /* MovieGridCell.swift */,
				2A170171250F337A00096AF1 /* MovieGridViewController.swift */,
				2A91F9BD25049BC8002DED0B /* Assets.xcassets */,
				2A91F9BF25049BC8002DED0B /* LaunchScreen.storyboard */,
				2A91F9C225049BC8002DED0B /* Info.plist */,
				2A91F9E42504A741002DED0B /* MoviesViewController.swift */,
				2A91F9E62504B3A5002DED0B /* MovieCell.swift */,
				2A17016F250F31FB00096AF1 /* MovieDetailViewController.swift */,
			);
			path = flixster;
			sourceTree = "<group>";
		};
		2A91F9CA25049BC8002DED0B /* flixsterTests */ = {
			isa = PBXGroup;
			children = (
				2A91F9CB25049BC8002DED0B /* flixsterTests.swift */,
				2A91F9CD25049BC8002DED0B /* Info.plist */,
			);
			path = flixsterTests;
			sourceTree = "<group>";
		};
		2A91F9D525049BC8002DED0B /* flixsterUITests */ = {
			isa = PBXGroup;
			children = (
				2A91F9D625049BC8002DED0B /* flixsterUITests.swift */,
				2A91F9D825049BC8002DED0B /* Info.plist */,
			);
			path = flixsterUITests;
			sourceTree = "<group>";
		};
		598846447D17C7934D6A97B4 /* Pods */ = {
			isa = PBXGroup;
			children = (
				BA69A96CD176E4E2AE676FA2 /* Pods-flixster.debug.xcconfig */,
				AEACC79F825B0F3C5F5FAE4C /* Pods-flixster.release.xcconfig */,
				F511B37CBD66661BEAED9CE2 /* Pods-flixster-flixsterUITests.debug.xcconfig */,
				B7CF26D23AD65211DBAFFEAF /* Pods-flixster-flixsterUITests.release.xcconfig */,
				DB703D60E655CB8372912A8F /* Pods-flixsterTests.debug.xcconfig */,
				002717F8DF4CB04F80C2E825 /* Pods-flixsterTests.release.xcconfig */,
			);
			path = Pods;
			sourceTree = "<group>";
		};
		75DEBA5A86AC35AD0487CE57 /* Frameworks */ = {
			isa = PBXGroup;
			children = (
				14BF6D343A96939137BEA463 /* Pods_flixster.framework */,
				8744250B49CA963517059E52 /* Pods_flixster_flixsterUITests.framework */,
				7BBAF398132C5E718E45671B /* Pods_flixsterTests.framework */,
			);
			name = Frameworks;
			sourceTree = "<group>";
		};
/* End PBXGroup section */

/* Begin PBXNativeTarget section */
		2A91F9B025049BC7002DED0B /* flixster */ = {
			isa = PBXNativeTarget;
			buildConfigurationList = 2A91F9DB25049BC8002DED0B /* Build configuration list for PBXNativeTarget "flixster" */;
			buildPhases = (
				7AA6AA3863CB1728C27993F7 /* [CP] Check Pods Manifest.lock */,
				2A91F9AD25049BC7002DED0B /* Sources */,
				2A91F9AE25049BC7002DED0B /* Frameworks */,
				2A91F9AF25049BC7002DED0B /* Resources */,
				7DFAFA6BAE1981A3F9BCDF90 /* [CP] Embed Pods Frameworks */,
			);
			buildRules = (
			);
			dependencies = (
			);
			name = flixster;
			productName = flixster;
			productReference = 2A91F9B125049BC7002DED0B /* flixster.app */;
			productType = "com.apple.product-type.application";
		};
		2A91F9C625049BC8002DED0B /* flixsterTests */ = {
			isa = PBXNativeTarget;
			buildConfigurationList = 2A91F9DE25049BC8002DED0B /* Build configuration list for PBXNativeTarget "flixsterTests" */;
			buildPhases = (
				203A79BD3E3F1E7DE86CCCFC /* [CP] Check Pods Manifest.lock */,
				2A91F9C325049BC8002DED0B /* Sources */,
				2A91F9C425049BC8002DED0B /* Frameworks */,
				2A91F9C525049BC8002DED0B /* Resources */,
			);
			buildRules = (
			);
			dependencies = (
				2A91F9C925049BC8002DED0B /* PBXTargetDependency */,
			);
			name = flixsterTests;
			productName = flixsterTests;
			productReference = 2A91F9C725049BC8002DED0B /* flixsterTests.xctest */;
			productType = "com.apple.product-type.bundle.unit-test";
		};
		2A91F9D125049BC8002DED0B /* flixsterUITests */ = {
			isa = PBXNativeTarget;
			buildConfigurationList = 2A91F9E125049BC8002DED0B /* Build configuration list for PBXNativeTarget "flixsterUITests" */;
			buildPhases = (
				F95D80A07A22B609089D8967 /* [CP] Check Pods Manifest.lock */,
				2A91F9CE25049BC8002DED0B /* Sources */,
				2A91F9CF25049BC8002DED0B /* Frameworks */,
				2A91F9D025049BC8002DED0B /* Resources */,
				F75C06ED5A76E3DA9A7F5F38 /* [CP] Embed Pods Frameworks */,
			);
			buildRules = (
			);
			dependencies = (
				2A91F9D425049BC8002DED0B /* PBXTargetDependency */,
			);
			name = flixsterUITests;
			productName = flixsterUITests;
			productReference = 2A91F9D225049BC8002DED0B /* flixsterUITests.xctest */;
			productType = "com.apple.product-type.bundle.ui-testing";
		};
/* End PBXNativeTarget section */

/* Begin PBXProject section */
		2A91F9A925049BC7002DED0B /* Project object */ = {
			isa = PBXProject;
			attributes = {
				LastSwiftUpdateCheck = 1160;
				LastUpgradeCheck = 1160;
				ORGANIZATIONNAME = jbarroso52;
				TargetAttributes = {
					2A91F9B025049BC7002DED0B = {
						CreatedOnToolsVersion = 11.6;
					};
					2A91F9C625049BC8002DED0B = {
						CreatedOnToolsVersion = 11.6;
						TestTargetID = 2A91F9B025049BC7002DED0B;
					};
					2A91F9D125049BC8002DED0B = {
						CreatedOnToolsVersion = 11.6;
						TestTargetID = 2A91F9B025049BC7002DED0B;
					};
				};
			};
			buildConfigurationList = 2A91F9AC25049BC7002DED0B /* Build configuration list for PBXProject "flixster" */;
			compatibilityVersion = "Xcode 9.3";
			developmentRegion = en;
			hasScannedForEncodings = 0;
			knownRegions = (
				en,
				Base,
			);
			mainGroup = 2A91F9A825049BC7002DED0B;
			productRefGroup = 2A91F9B225049BC7002DED0B /* Products */;
			projectDirPath = "";
			projectRoot = "";
			targets = (
				2A91F9B025049BC7002DED0B /* flixster */,
				2A91F9C625049BC8002DED0B /* flixsterTests */,
				2A91F9D125049BC8002DED0B /* flixsterUITests */,
			);
		};
/* End PBXProject section */

/* Begin PBXResourcesBuildPhase section */
		2A91F9AF25049BC7002DED0B /* Resources */ = {
			isa = PBXResourcesBuildPhase;
			buildActionMask = 2147483647;
			files = (
				2A91F9C125049BC8002DED0B /* LaunchScreen.storyboard in Resources */,
				2A91F9BE25049BC8002DED0B /* Assets.xcassets in Resources */,
				2A91F9BC25049BC7002DED0B /* Main.storyboard in Resources */,
			);
			runOnlyForDeploymentPostprocessing = 0;
		};
		2A91F9C525049BC8002DED0B /* Resources */ = {
			isa = PBXResourcesBuildPhase;
			buildActionMask = 2147483647;
			files = (
			);
			runOnlyForDeploymentPostprocessing = 0;
		};
		2A91F9D025049BC8002DED0B /* Resources */ = {
			isa = PBXResourcesBuildPhase;
			buildActionMask = 2147483647;
			files = (
			);
			runOnlyForDeploymentPostprocessing = 0;
		};
/* End PBXResourcesBuildPhase section */

/* Begin PBXShellScriptBuildPhase section */
		203A79BD3E3F1E7DE86CCCFC /* [CP] Check Pods Manifest.lock */ = {
			isa = PBXShellScriptBuildPhase;
			buildActionMask = 2147483647;
			files = (
			);
			inputFileListPaths = (
			);
			inputPaths = (
				"${PODS_PODFILE_DIR_PATH}/Podfile.lock",
				"${PODS_ROOT}/Manifest.lock",
			);
			name = "[CP] Check Pods Manifest.lock";
			outputFileListPaths = (
			);
			outputPaths = (
				"$(DERIVED_FILE_DIR)/Pods-flixsterTests-checkManifestLockResult.txt",
			);
			runOnlyForDeploymentPostprocessing = 0;
			shellPath = /bin/sh;
			shellScript = "diff \"${PODS_PODFILE_DIR_PATH}/Podfile.lock\" \"${PODS_ROOT}/Manifest.lock\" > /dev/null\nif [ $? != 0 ] ; then\n    # print error to STDERR\n    echo \"error: The sandbox is not in sync with the Podfile.lock. Run 'pod install' or update your CocoaPods installation.\" >&2\n    exit 1\nfi\n# This output is used by Xcode 'outputs' to avoid re-running this script phase.\necho \"SUCCESS\" > \"${SCRIPT_OUTPUT_FILE_0}\"\n";
			showEnvVarsInLog = 0;
		};
		7AA6AA3863CB1728C27993F7 /* [CP] Check Pods Manifest.lock */ = {
			isa = PBXShellScriptBuildPhase;
			buildActionMask = 2147483647;
			files = (
			);
			inputFileListPaths = (
			);
			inputPaths = (
				"${PODS_PODFILE_DIR_PATH}/Podfile.lock",
				"${PODS_ROOT}/Manifest.lock",
			);
			name = "[CP] Check Pods Manifest.lock";
			outputFileListPaths = (
			);
			outputPaths = (
				"$(DERIVED_FILE_DIR)/Pods-flixster-checkManifestLockResult.txt",
			);
			runOnlyForDeploymentPostprocessing = 0;
			shellPath = /bin/sh;
			shellScript = "diff \"${PODS_PODFILE_DIR_PATH}/Podfile.lock\" \"${PODS_ROOT}/Manifest.lock\" > /dev/null\nif [ $? != 0 ] ; then\n    # print error to STDERR\n    echo \"error: The sandbox is not in sync with the Podfile.lock. Run 'pod install' or update your CocoaPods installation.\" >&2\n    exit 1\nfi\n# This output is used by Xcode 'outputs' to avoid re-running this script phase.\necho \"SUCCESS\" > \"${SCRIPT_OUTPUT_FILE_0}\"\n";
			showEnvVarsInLog = 0;
		};
		7DFAFA6BAE1981A3F9BCDF90 /* [CP] Embed Pods Frameworks */ = {
			isa = PBXShellScriptBuildPhase;
			buildActionMask = 2147483647;
			files = (
			);
			inputFileListPaths = (
				"${PODS_ROOT}/Target Support Files/Pods-flixster/Pods-flixster-frameworks-${CONFIGURATION}-input-files.xcfilelist",
			);
			name = "[CP] Embed Pods Frameworks";
			outputFileListPaths = (
				"${PODS_ROOT}/Target Support Files/Pods-flixster/Pods-flixster-frameworks-${CONFIGURATION}-output-files.xcfilelist",
			);
			runOnlyForDeploymentPostprocessing = 0;
			shellPath = /bin/sh;
			shellScript = "\"${PODS_ROOT}/Target Support Files/Pods-flixster/Pods-flixster-frameworks.sh\"\n";
			showEnvVarsInLog = 0;
		};
		F75C06ED5A76E3DA9A7F5F38 /* [CP] Embed Pods Frameworks */ = {
			isa = PBXShellScriptBuildPhase;
			buildActionMask = 2147483647;
			files = (
			);
			inputFileListPaths = (
				"${PODS_ROOT}/Target Support Files/Pods-flixster-flixsterUITests/Pods-flixster-flixsterUITests-frameworks-${CONFIGURATION}-input-files.xcfilelist",
			);
			name = "[CP] Embed Pods Frameworks";
			outputFileListPaths = (
				"${PODS_ROOT}/Target Support Files/Pods-flixster-flixsterUITests/Pods-flixster-flixsterUITests-frameworks-${CONFIGURATION}-output-files.xcfilelist",
			);
			runOnlyForDeploymentPostprocessing = 0;
			shellPath = /bin/sh;
			shellScript = "\"${PODS_ROOT}/Target Support Files/Pods-flixster-flixsterUITests/Pods-flixster-flixsterUITests-frameworks.sh\"\n";
			showEnvVarsInLog = 0;
		};
		F95D80A07A22B609089D8967 /* [CP] Check Pods Manifest.lock */ = {
			isa = PBXShellScriptBuildPhase;
			buildActionMask = 2147483647;
			files = (
			);
			inputFileListPaths = (
			);
			inputPaths = (
				"${PODS_PODFILE_DIR_PATH}/Podfile.lock",
				"${PODS_ROOT}/Manifest.lock",
			);
			name = "[CP] Check Pods Manifest.lock";
			outputFileListPaths = (
			);
			outputPaths = (
				"$(DERIVED_FILE_DIR)/Pods-flixster-flixsterUITests-checkManifestLockResult.txt",
			);
			runOnlyForDeploymentPostprocessing = 0;
			shellPath = /bin/sh;
			shellScript = "diff \"${PODS_PODFILE_DIR_PATH}/Podfile.lock\" \"${PODS_ROOT}/Manifest.lock\" > /dev/null\nif [ $? != 0 ] ; then\n    # print error to STDERR\n    echo \"error: The sandbox is not in sync with the Podfile.lock. Run 'pod install' or update your CocoaPods installation.\" >&2\n    exit 1\nfi\n# This output is used by Xcode 'outputs' to avoid re-running this script phase.\necho \"SUCCESS\" > \"${SCRIPT_OUTPUT_FILE_0}\"\n";
			showEnvVarsInLog = 0;
		};
/* End PBXShellScriptBuildPhase section */

/* Begin PBXSourcesBuildPhase section */
		2A91F9AD25049BC7002DED0B /* Sources */ = {
			isa = PBXSourcesBuildPhase;
			buildActionMask = 2147483647;
			files = (
				2A91F9B525049BC7002DED0B /* AppDelegate.swift in Sources */,
				2A170170250F31FB00096AF1 /* MovieDetailViewController.swift in Sources */,
				2A91F9B725049BC7002DED0B /* SceneDelegate.swift in Sources */,
				2A91F9E72504B3A5002DED0B /* MovieCell.swift in Sources */,
				2A91F9E52504A741002DED0B /* MoviesViewController.swift in Sources */,
				2A170172250F337A00096AF1 /* MovieGridViewController.swift in Sources */,
				2A170174250F342D00096AF1 /* MovieGridCell.swift in Sources */,
			);
			runOnlyForDeploymentPostprocessing = 0;
		};
		2A91F9C325049BC8002DED0B /* Sources */ = {
			isa = PBXSourcesBuildPhase;
			buildActionMask = 2147483647;
			files = (
				2A91F9CC25049BC8002DED0B /* flixsterTests.swift in Sources */,
			);
			runOnlyForDeploymentPostprocessing = 0;
		};
		2A91F9CE25049BC8002DED0B /* Sources */ = {
			isa = PBXSourcesBuildPhase;
			buildActionMask = 2147483647;
			files = (
				2A91F9D725049BC8002DED0B /* flixsterUITests.swift in Sources */,
			);
			runOnlyForDeploymentPostprocessing = 0;
		};
/* End PBXSourcesBuildPhase section */

/* Begin PBXTargetDependency section */
		2A91F9C925049BC8002DED0B /* PBXTargetDependency */ = {
			isa = PBXTargetDependency;
			target = 2A91F9B025049BC7002DED0B /* flixster */;
			targetProxy = 2A91F9C825049BC8002DED0B /* PBXContainerItemProxy */;
		};
		2A91F9D425049BC8002DED0B /* PBXTargetDependency */ = {
			isa = PBXTargetDependency;
			target = 2A91F9B025049BC7002DED0B /* flixster */;
			targetProxy = 2A91F9D325049BC8002DED0B /* PBXContainerItemProxy */;
		};
/* End PBXTargetDependency section */

/* Begin PBXVariantGroup section */
		2A91F9BA25049BC7002DED0B /* Main.storyboard */ = {
			isa = PBXVariantGroup;
			children = (
				2A91F9BB25049BC7002DED0B /* Base */,
			);
			name = Main.storyboard;
			sourceTree = "<group>";
		};
		2A91F9BF25049BC8002DED0B /* LaunchScreen.storyboard */ = {
			isa = PBXVariantGroup;
			children = (
				2A91F9C025049BC8002DED0B /* Base */,
			);
			name = LaunchScreen.storyboard;
			sourceTree = "<group>";
		};
/* End PBXVariantGroup section */

/* Begin XCBuildConfiguration section */
		2A91F9D925049BC8002DED0B /* Debug */ = {
			isa = XCBuildConfiguration;
			buildSettings = {
				ALWAYS_SEARCH_USER_PATHS = NO;
				CLANG_ANALYZER_NONNULL = YES;
				CLANG_ANALYZER_NUMBER_OBJECT_CONVERSION = YES_AGGRESSIVE;
				CLANG_CXX_LANGUAGE_STANDARD = "gnu++14";
				CLANG_CXX_LIBRARY = "libc++";
				CLANG_ENABLE_MODULES = YES;
				CLANG_ENABLE_OBJC_ARC = YES;
				CLANG_ENABLE_OBJC_WEAK = YES;
				CLANG_WARN_BLOCK_CAPTURE_AUTORELEASING = YES;
				CLANG_WARN_BOOL_CONVERSION = YES;
				CLANG_WARN_COMMA = YES;
				CLANG_WARN_CONSTANT_CONVERSION = YES;
				CLANG_WARN_DEPRECATED_OBJC_IMPLEMENTATIONS = YES;
				CLANG_WARN_DIRECT_OBJC_ISA_USAGE = YES_ERROR;
				CLANG_WARN_DOCUMENTATION_COMMENTS = YES;
				CLANG_WARN_EMPTY_BODY = YES;
				CLANG_WARN_ENUM_CONVERSION = YES;
				CLANG_WARN_INFINITE_RECURSION = YES;
				CLANG_WARN_INT_CONVERSION = YES;
				CLANG_WARN_NON_LITERAL_NULL_CONVERSION = YES;
				CLANG_WARN_OBJC_IMPLICIT_RETAIN_SELF = YES;
				CLANG_WARN_OBJC_LITERAL_CONVERSION = YES;
				CLANG_WARN_OBJC_ROOT_CLASS = YES_ERROR;
				CLANG_WARN_RANGE_LOOP_ANALYSIS = YES;
				CLANG_WARN_STRICT_PROTOTYPES = YES;
				CLANG_WARN_SUSPICIOUS_MOVE = YES;
				CLANG_WARN_UNGUARDED_AVAILABILITY = YES_AGGRESSIVE;
				CLANG_WARN_UNREACHABLE_CODE = YES;
				CLANG_WARN__DUPLICATE_METHOD_MATCH = YES;
				COPY_PHASE_STRIP = NO;
				DEBUG_INFORMATION_FORMAT = dwarf;
				ENABLE_STRICT_OBJC_MSGSEND = YES;
				ENABLE_TESTABILITY = YES;
				GCC_C_LANGUAGE_STANDARD = gnu11;
				GCC_DYNAMIC_NO_PIC = NO;
				GCC_NO_COMMON_BLOCKS = YES;
				GCC_OPTIMIZATION_LEVEL = 0;
				GCC_PREPROCESSOR_DEFINITIONS = (
					"DEBUG=1",
					"$(inherited)",
				);
				GCC_WARN_64_TO_32_BIT_CONVERSION = YES;
				GCC_WARN_ABOUT_RETURN_TYPE = YES_ERROR;
				GCC_WARN_UNDECLARED_SELECTOR = YES;
				GCC_WARN_UNINITIALIZED_AUTOS = YES_AGGRESSIVE;
				GCC_WARN_UNUSED_FUNCTION = YES;
				GCC_WARN_UNUSED_VARIABLE = YES;
				IPHONEOS_DEPLOYMENT_TARGET = 13.6;
				MTL_ENABLE_DEBUG_INFO = INCLUDE_SOURCE;
				MTL_FAST_MATH = YES;
				ONLY_ACTIVE_ARCH = YES;
				SDKROOT = iphoneos;
				SWIFT_ACTIVE_COMPILATION_CONDITIONS = DEBUG;
				SWIFT_OPTIMIZATION_LEVEL = "-Onone";
			};
			name = Debug;
		};
		2A91F9DA25049BC8002DED0B /* Release */ = {
			isa = XCBuildConfiguration;
			buildSettings = {
				ALWAYS_SEARCH_USER_PATHS = NO;
				CLANG_ANALYZER_NONNULL = YES;
				CLANG_ANALYZER_NUMBER_OBJECT_CONVERSION = YES_AGGRESSIVE;
				CLANG_CXX_LANGUAGE_STANDARD = "gnu++14";
				CLANG_CXX_LIBRARY = "libc++";
				CLANG_ENABLE_MODULES = YES;
				CLANG_ENABLE_OBJC_ARC = YES;
				CLANG_ENABLE_OBJC_WEAK = YES;
				CLANG_WARN_BLOCK_CAPTURE_AUTORELEASING = YES;
				CLANG_WARN_BOOL_CONVERSION = YES;
				CLANG_WARN_COMMA = YES;
				CLANG_WARN_CONSTANT_CONVERSION = YES;
				CLANG_WARN_DEPRECATED_OBJC_IMPLEMENTATIONS = YES;
				CLANG_WARN_DIRECT_OBJC_ISA_USAGE = YES_ERROR;
				CLANG_WARN_DOCUMENTATION_COMMENTS = YES;
				CLANG_WARN_EMPTY_BODY = YES;
				CLANG_WARN_ENUM_CONVERSION = YES;
				CLANG_WARN_INFINITE_RECURSION = YES;
				CLANG_WARN_INT_CONVERSION = YES;
				CLANG_WARN_NON_LITERAL_NULL_CONVERSION = YES;
				CLANG_WARN_OBJC_IMPLICIT_RETAIN_SELF = YES;
				CLANG_WARN_OBJC_LITERAL_CONVERSION = YES;
				CLANG_WARN_OBJC_ROOT_CLASS = YES_ERROR;
				CLANG_WARN_RANGE_LOOP_ANALYSIS = YES;
				CLANG_WARN_STRICT_PROTOTYPES = YES;
				CLANG_WARN_SUSPICIOUS_MOVE = YES;
				CLANG_WARN_UNGUARDED_AVAILABILITY = YES_AGGRESSIVE;
				CLANG_WARN_UNREACHABLE_CODE = YES;
				CLANG_WARN__DUPLICATE_METHOD_MATCH = YES;
				COPY_PHASE_STRIP = NO;
				DEBUG_INFORMATION_FORMAT = "dwarf-with-dsym";
				ENABLE_NS_ASSERTIONS = NO;
				ENABLE_STRICT_OBJC_MSGSEND = YES;
				GCC_C_LANGUAGE_STANDARD = gnu11;
				GCC_NO_COMMON_BLOCKS = YES;
				GCC_WARN_64_TO_32_BIT_CONVERSION = YES;
				GCC_WARN_ABOUT_RETURN_TYPE = YES_ERROR;
				GCC_WARN_UNDECLARED_SELECTOR = YES;
				GCC_WARN_UNINITIALIZED_AUTOS = YES_AGGRESSIVE;
				GCC_WARN_UNUSED_FUNCTION = YES;
				GCC_WARN_UNUSED_VARIABLE = YES;
				IPHONEOS_DEPLOYMENT_TARGET = 13.6;
				MTL_ENABLE_DEBUG_INFO = NO;
				MTL_FAST_MATH = YES;
				SDKROOT = iphoneos;
				SWIFT_COMPILATION_MODE = wholemodule;
				SWIFT_OPTIMIZATION_LEVEL = "-O";
				VALIDATE_PRODUCT = YES;
			};
			name = Release;
		};
		2A91F9DC25049BC8002DED0B /* Debug */ = {
			isa = XCBuildConfiguration;
			baseConfigurationReference = BA69A96CD176E4E2AE676FA2 /* Pods-flixster.debug.xcconfig */;
			buildSettings = {
				CODE_SIGN_STYLE = Automatic;
				INFOPLIST_FILE = flixster/Info.plist;
				LD_RUNPATH_SEARCH_PATHS = (
					"$(inherited)",
					"@executable_path/Frameworks",
				);
				PRODUCT_BUNDLE_IDENTIFIER = Codepath.flixster;
				PRODUCT_NAME = "$(TARGET_NAME)";
				SWIFT_VERSION = 5.0;
				TARGETED_DEVICE_FAMILY = "1,2";
			};
			name = Debug;
		};
		2A91F9DD25049BC8002DED0B /* Release */ = {
			isa = XCBuildConfiguration;
			baseConfigurationReference = AEACC79F825B0F3C5F5FAE4C /* Pods-flixster.release.xcconfig */;
			buildSettings = {
				CODE_SIGN_STYLE = Automatic;
				INFOPLIST_FILE = flixster/Info.plist;
				LD_RUNPATH_SEARCH_PATHS = (
					"$(inherited)",
					"@executable_path/Frameworks",
				);
				PRODUCT_BUNDLE_IDENTIFIER = Codepath.flixster;
				PRODUCT_NAME = "$(TARGET_NAME)";
				SWIFT_VERSION = 5.0;
				TARGETED_DEVICE_FAMILY = "1,2";
			};
			name = Release;
		};
		2A91F9DF25049BC8002DED0B /* Debug */ = {
			isa = XCBuildConfiguration;
			baseConfigurationReference = DB703D60E655CB8372912A8F /* Pods-flixsterTests.debug.xcconfig */;
			buildSettings = {
				ALWAYS_EMBED_SWIFT_STANDARD_LIBRARIES = YES;
				BUNDLE_LOADER = "$(TEST_HOST)";
				CODE_SIGN_STYLE = Automatic;
				INFOPLIST_FILE = flixsterTests/Info.plist;
				IPHONEOS_DEPLOYMENT_TARGET = 13.6;
				LD_RUNPATH_SEARCH_PATHS = (
					"$(inherited)",
					"@executable_path/Frameworks",
					"@loader_path/Frameworks",
				);
				PRODUCT_BUNDLE_IDENTIFIER = Codepath.flixsterTests;
				PRODUCT_NAME = "$(TARGET_NAME)";
				SWIFT_VERSION = 5.0;
				TARGETED_DEVICE_FAMILY = "1,2";
				TEST_HOST = "$(BUILT_PRODUCTS_DIR)/flixster.app/flixster";
			};
			name = Debug;
		};
		2A91F9E025049BC8002DED0B /* Release */ = {
			isa = XCBuildConfiguration;
			baseConfigurationReference = 002717F8DF4CB04F80C2E825 /* Pods-flixsterTests.release.xcconfig */;
			buildSettings = {
				ALWAYS_EMBED_SWIFT_STANDARD_LIBRARIES = YES;
				BUNDLE_LOADER = "$(TEST_HOST)";
				CODE_SIGN_STYLE = Automatic;
				INFOPLIST_FILE = flixsterTests/Info.plist;
				IPHONEOS_DEPLOYMENT_TARGET = 13.6;
				LD_RUNPATH_SEARCH_PATHS = (
					"$(inherited)",
					"@executable_path/Frameworks",
					"@loader_path/Frameworks",
				);
				PRODUCT_BUNDLE_IDENTIFIER = Codepath.flixsterTests;
				PRODUCT_NAME = "$(TARGET_NAME)";
				SWIFT_VERSION = 5.0;
				TARGETED_DEVICE_FAMILY = "1,2";
				TEST_HOST = "$(BUILT_PRODUCTS_DIR)/flixster.app/flixster";
			};
			name = Release;
		};
		2A91F9E225049BC8002DED0B /* Debug */ = {
			isa = XCBuildConfiguration;
			baseConfigurationReference = F511B37CBD66661BEAED9CE2 /* Pods-flixster-flixsterUITests.debug.xcconfig */;
			buildSettings = {
				ALWAYS_EMBED_SWIFT_STANDARD_LIBRARIES = YES;
				CODE_SIGN_STYLE = Automatic;
				INFOPLIST_FILE = flixsterUITests/Info.plist;
				LD_RUNPATH_SEARCH_PATHS = (
					"$(inherited)",
					"@executable_path/Frameworks",
					"@loader_path/Frameworks",
				);
				PRODUCT_BUNDLE_IDENTIFIER = Codepath.flixsterUITests;
				PRODUCT_NAME = "$(TARGET_NAME)";
				SWIFT_VERSION = 5.0;
				TARGETED_DEVICE_FAMILY = "1,2";
				TEST_TARGET_NAME = flixster;
			};
			name = Debug;
		};
		2A91F9E325049BC8002DED0B /* Release */ = {
			isa = XCBuildConfiguration;
			baseConfigurationReference = B7CF26D23AD65211DBAFFEAF /* Pods-flixster-flixsterUITests.release.xcconfig */;
			buildSettings = {
				ALWAYS_EMBED_SWIFT_STANDARD_LIBRARIES = YES;
				CODE_SIGN_STYLE = Automatic;
				INFOPLIST_FILE = flixsterUITests/Info.plist;
				LD_RUNPATH_SEARCH_PATHS = (
					"$(inherited)",
					"@executable_path/Frameworks",
					"@loader_path/Frameworks",
				);
				PRODUCT_BUNDLE_IDENTIFIER = Codepath.flixsterUITests;
				PRODUCT_NAME = "$(TARGET_NAME)";
				SWIFT_VERSION = 5.0;
				TARGETED_DEVICE_FAMILY = "1,2";
				TEST_TARGET_NAME = flixster;
			};
			name = Release;
		};
/* End XCBuildConfiguration section */

/* Begin XCConfigurationList section */
		2A91F9AC25049BC7002DED0B /* Build configuration list for PBXProject "flixster" */ = {
			isa = XCConfigurationList;
			buildConfigurations = (
				2A91F9D925049BC8002DED0B /* Debug */,
				2A91F9DA25049BC8002DED0B /* Release */,
			);
			defaultConfigurationIsVisible = 0;
			defaultConfigurationName = Release;
		};
		2A91F9DB25049BC8002DED0B /* Build configuration list for PBXNativeTarget "flixster" */ = {
			isa = XCConfigurationList;
			buildConfigurations = (
				2A91F9DC25049BC8002DED0B /* Debug */,
				2A91F9DD25049BC8002DED0B /* Release */,
			);
			defaultConfigurationIsVisible = 0;
			defaultConfigurationName = Release;
		};
		2A91F9DE25049BC8002DED0B /* Build configuration list for PBXNativeTarget "flixsterTests" */ = {
			isa = XCConfigurationList;
			buildConfigurations = (
				2A91F9DF25049BC8002DED0B /* Debug */,
				2A91F9E025049BC8002DED0B /* Release */,
			);
			defaultConfigurationIsVisible = 0;
			defaultConfigurationName = Release;
		};
		2A91F9E125049BC8002DED0B /* Build configuration list for PBXNativeTarget "flixsterUITests" */ = {
			isa = XCConfigurationList;
			buildConfigurations = (
				2A91F9E225049BC8002DED0B /* Debug */,
				2A91F9E325049BC8002DED0B /* Release */,
			);
			defaultConfigurationIsVisible = 0;
			defaultConfigurationName = Release;
		};
/* End XCConfigurationList section */
	};
	rootObject = 2A91F9A925049BC7002DED0B /* Project object */;
}
